
Microsoft Visual Studio Solution File, Format Version 12.00
# Visual Studio Version 16
VisualStudioVersion = 16.0.29924.181
MinimumVisualStudioVersion = 10.0.40219.1
Project("{FAE04EC0-301F-11D3-BF4B-00C04F79EFBC}") = "LibVLCSharp.Android.Sample", "LibVLCSharp.Android.Sample.csproj", "{00419085-4455-45D4-84A0-0A80D6174D25}"
EndProject
Global
	GlobalSection(SolutionConfigurationPlatforms) = preSolution
		Debug|Any CPU = Debug|Any CPU
		Release|Any CPU = Release|Any CPU
	EndGlobalSection
	GlobalSection(ProjectConfigurationPlatforms) = postSolution
		{00419085-4455-45D4-84A0-0A80D6174D25}.Debug|Any CPU.ActiveCfg = Debug|Any CPU
		{00419085-4455-45D4-84A0-0A80D6174D25}.Debug|Any CPU.Build.0 = Debug|Any CPU
		{00419085-4455-45D4-84A0-0A80D6174D25}.Debug|Any CPU.Deploy.0 = Debug|Any CPU
		{00419085-4455-45D4-84A0-0A80D6174D25}.Release|Any CPU.ActiveCfg = Release|Any CPU
		{00419085-4455-45D4-84A0-0A80D6174D25}.Release|Any CPU.Build.0 = Release|Any CPU
		{00419085-4455-45D4-84A0-0A80D6174D25}.Release|Any CPU.Deploy.0 = Release|Any CPU
	EndGlobalSection
	GlobalSection(SolutionProperties) = preSolution
		HideSolutionNode = FALSE
	EndGlobalSection
	GlobalSection(ExtensibilityGlobals) = postSolution
		SolutionGuid = {B9864CD6-89F2-481E-9215-9B217DE5D019}
	EndGlobalSection
EndGlobal
